
Microsoft Visual Studio Solution File, Format Version 12.00
# Visual Studio Version 16
VisualStudioVersion = 16.0.31205.134
MinimumVisualStudioVersion = 10.0.40219.1
Project("{FAE04EC0-301F-11D3-BF4B-00C04F79EFBC}") = "ALIAGA_PRACTICA_T3.WEB", "ALIAGA_PRACTICA_T3.WEB\ALIAGA_PRACTICA_T3.WEB.csproj", "{072EC1FA-A67A-4F91-8175-DFD36E22CF5A}"
EndProject
Global
	GlobalSection(SolutionConfigurationPlatforms) = preSolution
		Debug|Any CPU = Debug|Any CPU
		Release|Any CPU = Release|Any CPU
	EndGlobalSection
	GlobalSection(ProjectConfigurationPlatforms) = postSolution
		{072EC1FA-A67A-4F91-8175-DFD36E22CF5A}.Debug|Any CPU.ActiveCfg = Debug|Any CPU
		{072EC1FA-A67A-4F91-8175-DFD36E22CF5A}.Debug|Any CPU.Build.0 = Debug|Any CPU
		{072EC1FA-A67A-4F91-8175-DFD36E22CF5A}.Release|Any CPU.ActiveCfg = Release|Any CPU
		{072EC1FA-A67A-4F91-8175-DFD36E22CF5A}.Release|Any CPU.Build.0 = Release|Any CPU
	EndGlobalSection
	GlobalSection(SolutionProperties) = preSolution
		HideSolutionNode = FALSE
	EndGlobalSection
	GlobalSection(ExtensibilityGlobals) = postSolution
		SolutionGuid = {12FD4718-0BF5-41FD-ACD1-1DD380368309}
	EndGlobalSection
EndGlobal
